// !$*UTF8*$!
{
	archiveVersion = 1;
	classes = {
	};
	objectVersion = 50;
	objects = {

/* Begin PBXBuildFile section */
		08AD7315233A6E81009A2AA2 /* AppDelegate.swift in Sources */ = {isa = PBXBuildFile; fileRef = 08AD7314233A6E81009A2AA2 /* AppDelegate.swift */; };
		08AD7317233A6E81009A2AA2 /* SceneDelegate.swift in Sources */ = {isa = PBXBuildFile; fileRef = 08AD7316233A6E81009A2AA2 /* SceneDelegate.swift */; };
		08AD7319233A6E81009A2AA2 /* ContentView.swift in Sources */ = {isa = PBXBuildFile; fileRef = 08AD7318233A6E81009A2AA2 /* ContentView.swift */; };
		08AD731B233A6E81009A2AA2 /* Assets.xcassets in Resources */ = {isa = PBXBuildFile; fileRef = 08AD731A233A6E81009A2AA2 /* Assets.xcassets */; };
		08AD731E233A6E81009A2AA2 /* Preview Assets.xcassets in Resources */ = {isa = PBXBuildFile; fileRef = 08AD731D233A6E81009A2AA2 /* Preview Assets.xcassets */; };
		08AD7321233A6E81009A2AA2 /* LaunchScreen.storyboard in Resources */ = {isa = PBXBuildFile; fileRef = 08AD731F233A6E81009A2AA2 /* LaunchScreen.storyboard */; };
		08AD732C233A6E81009A2AA2 /* S_ViewTests.swift in Sources */ = {isa = PBXBuildFile; fileRef = 08AD732B233A6E81009A2AA2 /* S_ViewTests.swift */; };
		08AD7337233A6E82009A2AA2 /* S_ViewUITests.swift in Sources */ = {isa = PBXBuildFile; fileRef = 08AD7336233A6E82009A2AA2 /* S_ViewUITests.swift */; };
		08AD7345233A6EA1009A2AA2 /* DataSource.swift in Sources */ = {isa = PBXBuildFile; fileRef = 08AD7344233A6EA1009A2AA2 /* DataSource.swift */; };
		08AD7347233A70CA009A2AA2 /* DetailView.swift in Sources */ = {isa = PBXBuildFile; fileRef = 08AD7346233A70CA009A2AA2 /* DetailView.swift */; };
		08AD7353233A7491009A2AA2 /* nssl0049.jpg in Resources */ = {isa = PBXBuildFile; fileRef = 08AD7349233A7491009A2AA2 /* nssl0049.jpg */; };
		08AD7354233A7491009A2AA2 /* nssl0046.jpg in Resources */ = {isa = PBXBuildFile; fileRef = 08AD734A233A7491009A2AA2 /* nssl0046.jpg */; };
		08AD7355233A7491009A2AA2 /* nssl0091.jpg in Resources */ = {isa = PBXBuildFile; fileRef = 08AD734B233A7491009A2AA2 /* nssl0091.jpg */; };
		08AD7356233A7491009A2AA2 /* nssl0045.jpg in Resources */ = {isa = PBXBuildFile; fileRef = 08AD734C233A7491009A2AA2 /* nssl0045.jpg */; };
		08AD7357233A7491009A2AA2 /* nssl0051.jpg in Resources */ = {isa = PBXBuildFile; fileRef = 08AD734D233A7491009A2AA2 /* nssl0051.jpg */; };
		08AD7358233A7491009A2AA2 /* nssl0041.jpg in Resources */ = {isa = PBXBuildFile; fileRef = 08AD734E233A7491009A2AA2 /* nssl0041.jpg */; };
		08AD7359233A7491009A2AA2 /* nssl0042.jpg in Resources */ = {isa = PBXBuildFile; fileRef = 08AD734F233A7491009A2AA2 /* nssl0042.jpg */; };
		08AD735A233A7491009A2AA2 /* nssl0043.jpg in Resources */ = {isa = PBXBuildFile; fileRef = 08AD7350233A7491009A2AA2 /* nssl0043.jpg */; };
		08AD735B233A7491009A2AA2 /* nssl0033.jpg in Resources */ = {isa = PBXBuildFile; fileRef = 08AD7351233A7491009A2AA2 /* nssl0033.jpg */; };
		08AD735C233A7491009A2AA2 /* nssl0034.jpg in Resources */ = {isa = PBXBuildFile; fileRef = 08AD7352233A7491009A2AA2 /* nssl0034.jpg */; };
/* End PBXBuildFile section */

/* Begin PBXContainerItemProxy section */
		08AD7328233A6E81009A2AA2 /* PBXContainerItemProxy */ = {
			isa = PBXContainerItemProxy;
			containerPortal = 08AD7309233A6E81009A2AA2 /* Project object */;
			proxyType = 1;
			remoteGlobalIDString = 08AD7310233A6E81009A2AA2;
			remoteInfo = "S View";
		};
		08AD7333233A6E81009A2AA2 /* PBXContainerItemProxy */ = {
			isa = PBXContainerItemProxy;
			containerPortal = 08AD7309233A6E81009A2AA2 /* Project object */;
			proxyType = 1;
			remoteGlobalIDString = 08AD7310233A6E81009A2AA2;
			remoteInfo = "S View";
		};
/* End PBXContainerItemProxy section */

/* Begin PBXFileReference section */
		08AD7311233A6E81009A2AA2 /* S View.app */ = {isa = PBXFileReference; explicitFileType = wrapper.application; includeInIndex = 0; path = "S View.app"; sourceTree = BUILT_PRODUCTS_DIR; };
		08AD7314233A6E81009A2AA2 /* AppDelegate.swift */ = {isa = PBXFileReference; lastKnownFileType = sourcecode.swift; path = AppDelegate.swift; sourceTree = "<group>"; };
		08AD7316233A6E81009A2AA2 /* SceneDelegate.swift */ = {isa = PBXFileReference; lastKnownFileType = sourcecode.swift; path = SceneDelegate.swift; sourceTree = "<group>"; };
		08AD7318233A6E81009A2AA2 /* ContentView.swift */ = {isa = PBXFileReference; lastKnownFileType = sourcecode.swift; path = ContentView.swift; sourceTree = "<group>"; };
		08AD731A233A6E81009A2AA2 /* Assets.xcassets */ = {isa = PBXFileReference; lastKnownFileType = folder.assetcatalog; path = Assets.xcassets; sourceTree = "<group>"; };
		08AD731D233A6E81009A2AA2 /* Preview Assets.xcassets */ = {isa = PBXFileReference; lastKnownFileType = folder.assetcatalog; path = "Preview Assets.xcassets"; sourceTree = "<group>"; };
		08AD7320233A6E81009A2AA2 /* Base */ = {isa = PBXFileReference; lastKnownFileType = file.storyboard; name = Base; path = Base.lproj/LaunchScreen.storyboard; sourceTree = "<group>"; };
		08AD7322233A6E81009A2AA2 /* Info.plist */ = {isa = PBXFileReference; lastKnownFileType = text.plist.xml; path = Info.plist; sourceTree = "<group>"; };
		08AD7327233A6E81009A2AA2 /* S ViewTests.xctest */ = {isa = PBXFileReference; explicitFileType = wrapper.cfbundle; includeInIndex = 0; path = "S ViewTests.xctest"; sourceTree = BUILT_PRODUCTS_DIR; };
		08AD732B233A6E81009A2AA2 /* S_ViewTests.swift */ = {isa = PBXFileReference; lastKnownFileType = sourcecode.swift; path = S_ViewTests.swift; sourceTree = "<group>"; };
		08AD732D233A6E81009A2AA2 /* Info.plist */ = {isa = PBXFileReference; lastKnownFileType = text.plist.xml; path = Info.plist; sourceTree = "<group>"; };
		08AD7332233A6E81009A2AA2 /* S ViewUITests.xctest */ = {isa = PBXFileReference; explicitFileType = wrapper.cfbundle; includeInIndex = 0; path = "S ViewUITests.xctest"; sourceTree = BUILT_PRODUCTS_DIR; };
		08AD7336233A6E82009A2AA2 /* S_ViewUITests.swift */ = {isa = PBXFileReference; lastKnownFileType = sourcecode.swift; path = S_ViewUITests.swift; sourceTree = "<group>"; };
		08AD7338233A6E82009A2AA2 /* Info.plist */ = {isa = PBXFileReference; lastKnownFileType = text.plist.xml; path = Info.plist; sourceTree = "<group>"; };
		08AD7344233A6EA1009A2AA2 /* DataSource.swift */ = {isa = PBXFileReference; lastKnownFileType = sourcecode.swift; path = DataSource.swift; sourceTree = "<group>"; };
		08AD7346233A70CA009A2AA2 /* DetailView.swift */ = {isa = PBXFileReference; lastKnownFileType = sourcecode.swift; path = DetailView.swift; sourceTree = "<group>"; };
		08AD7349233A7491009A2AA2 /* nssl0049.jpg */ = {isa = PBXFileReference; lastKnownFileType = image.jpeg; path = nssl0049.jpg; sourceTree = "<group>"; };
		08AD734A233A7491009A2AA2 /* nssl0046.jpg */ = {isa = PBXFileReference; lastKnownFileType = image.jpeg; path = nssl0046.jpg; sourceTree = "<group>"; };
		08AD734B233A7491009A2AA2 /* nssl0091.jpg */ = {isa = PBXFileReference; lastKnownFileType = image.jpeg; path = nssl0091.jpg; sourceTree = "<group>"; };
		08AD734C233A7491009A2AA2 /* nssl0045.jpg */ = {isa = PBXFileReference; lastKnownFileType = image.jpeg; path = nssl0045.jpg; sourceTree = "<group>"; };
		08AD734D233A7491009A2AA2 /* nssl0051.jpg */ = {isa = PBXFileReference; lastKnownFileType = image.jpeg; path = nssl0051.jpg; sourceTree = "<group>"; };
		08AD734E233A7491009A2AA2 /* nssl0041.jpg */ = {isa = PBXFileReference; lastKnownFileType = image.jpeg; path = nssl0041.jpg; sourceTree = "<group>"; };
		08AD734F233A7491009A2AA2 /* nssl0042.jpg */ = {isa = PBXFileReference; lastKnownFileType = image.jpeg; path = nssl0042.jpg; sourceTree = "<group>"; };
		08AD7350233A7491009A2AA2 /* nssl0043.jpg */ = {isa = PBXFileReference; lastKnownFileType = image.jpeg; path = nssl0043.jpg; sourceTree = "<group>"; };
		08AD7351233A7491009A2AA2 /* nssl0033.jpg */ = {isa = PBXFileReference; lastKnownFileType = image.jpeg; path = nssl0033.jpg; sourceTree = "<group>"; };
		08AD7352233A7491009A2AA2 /* nssl0034.jpg */ = {isa = PBXFileReference; lastKnownFileType = image.jpeg; path = nssl0034.jpg; sourceTree = "<group>"; };
/* End PBXFileReference section */

/* Begin PBXFrameworksBuildPhase section */
		08AD730E233A6E81009A2AA2 /* Frameworks */ = {
			isa = PBXFrameworksBuildPhase;
			buildActionMask = 2147483647;
			files = (
			);
			runOnlyForDeploymentPostprocessing = 0;
		};
		08AD7324233A6E81009A2AA2 /* Frameworks */ = {
			isa = PBXFrameworksBuildPhase;
			buildActionMask = 2147483647;
			files = (
			);
			runOnlyForDeploymentPostprocessing = 0;
		};
		08AD732F233A6E81009A2AA2 /* Frameworks */ = {
			isa = PBXFrameworksBuildPhase;
			buildActionMask = 2147483647;
			files = (
			);
			runOnlyForDeploymentPostprocessing = 0;
		};
/* End PBXFrameworksBuildPhase section */

/* Begin PBXGroup section */
		08AD7308233A6E81009A2AA2 = {
			isa = PBXGroup;
			children = (
				08AD7313233A6E81009A2AA2 /* S View */,
				08AD732A233A6E81009A2AA2 /* S ViewTests */,
				08AD7335233A6E82009A2AA2 /* S ViewUITests */,
				08AD7312233A6E81009A2AA2 /* Products */,
			);
			sourceTree = "<group>";
		};
		08AD7312233A6E81009A2AA2 /* Products */ = {
			isa = PBXGroup;
			children = (
				08AD7311233A6E81009A2AA2 /* S View.app */,
				08AD7327233A6E81009A2AA2 /* S ViewTests.xctest */,
				08AD7332233A6E81009A2AA2 /* S ViewUITests.xctest */,
			);
			name = Products;
			sourceTree = "<group>";
		};
		08AD7313233A6E81009A2AA2 /* S View */ = {
			isa = PBXGroup;
			children = (
				08AD7314233A6E81009A2AA2 /* AppDelegate.swift */,
				08AD7316233A6E81009A2AA2 /* SceneDelegate.swift */,
				08AD7344233A6EA1009A2AA2 /* DataSource.swift */,
				08AD7318233A6E81009A2AA2 /* ContentView.swift */,
				08AD7346233A70CA009A2AA2 /* DetailView.swift */,
				08AD7348233A7491009A2AA2 /* Content */,
				08AD731A233A6E81009A2AA2 /* Assets.xcassets */,
				08AD731F233A6E81009A2AA2 /* LaunchScreen.storyboard */,
				08AD7322233A6E81009A2AA2 /* Info.plist */,
				08AD731C233A6E81009A2AA2 /* Preview Content */,
			);
			path = "S View";
			sourceTree = "<group>";
		};
		08AD731C233A6E81009A2AA2 /* Preview Content */ = {
			isa = PBXGroup;
			children = (
				08AD731D233A6E81009A2AA2 /* Preview Assets.xcassets */,
			);
			path = "Preview Content";
			sourceTree = "<group>";
		};
		08AD732A233A6E81009A2AA2 /* S ViewTests */ = {
			isa = PBXGroup;
			children = (
				08AD732B233A6E81009A2AA2 /* S_ViewTests.swift */,
				08AD732D233A6E81009A2AA2 /* Info.plist */,
			);
			path = "S ViewTests";
			sourceTree = "<group>";
		};
		08AD7335233A6E82009A2AA2 /* S ViewUITests */ = {
			isa = PBXGroup;
			children = (
				08AD7336233A6E82009A2AA2 /* S_ViewUITests.swift */,
				08AD7338233A6E82009A2AA2 /* Info.plist */,
			);
			path = "S ViewUITests";
			sourceTree = "<group>";
		};
		08AD7348233A7491009A2AA2 /* Content */ = {
			isa = PBXGroup;
			children = (
				08AD7349233A7491009A2AA2 /* nssl0049.jpg */,
				08AD734A233A7491009A2AA2 /* nssl0046.jpg */,
				08AD734B233A7491009A2AA2 /* nssl0091.jpg */,
				08AD734C233A7491009A2AA2 /* nssl0045.jpg */,
				08AD734D233A7491009A2AA2 /* nssl0051.jpg */,
				08AD734E233A7491009A2AA2 /* nssl0041.jpg */,
				08AD734F233A7491009A2AA2 /* nssl0042.jpg */,
				08AD7350233A7491009A2AA2 /* nssl0043.jpg */,
				08AD7351233A7491009A2AA2 /* nssl0033.jpg */,
				08AD7352233A7491009A2AA2 /* nssl0034.jpg */,
			);
			path = Content;
			sourceTree = "<group>";
		};
/* End PBXGroup section */

/* Begin PBXNativeTarget section */
		08AD7310233A6E81009A2AA2 /* S View */ = {
			isa = PBXNativeTarget;
			buildConfigurationList = 08AD733B233A6E82009A2AA2 /* Build configuration list for PBXNativeTarget "S View" */;
			buildPhases = (
				08AD730D233A6E81009A2AA2 /* Sources */,
				08AD730E233A6E81009A2AA2 /* Frameworks */,
				08AD730F233A6E81009A2AA2 /* Resources */,
			);
			buildRules = (
			);
			dependencies = (
			);
			name = "S View";
			productName = "S View";
			productReference = 08AD7311233A6E81009A2AA2 /* S View.app */;
			productType = "com.apple.product-type.application";
		};
		08AD7326233A6E81009A2AA2 /* S ViewTests */ = {
			isa = PBXNativeTarget;
			buildConfigurationList = 08AD733E233A6E82009A2AA2 /* Build configuration list for PBXNativeTarget "S ViewTests" */;
			buildPhases = (
				08AD7323233A6E81009A2AA2 /* Sources */,
				08AD7324233A6E81009A2AA2 /* Frameworks */,
				08AD7325233A6E81009A2AA2 /* Resources */,
			);
			buildRules = (
			);
			dependencies = (
				08AD7329233A6E81009A2AA2 /* PBXTargetDependency */,
			);
			name = "S ViewTests";
			productName = "S ViewTests";
			productReference = 08AD7327233A6E81009A2AA2 /* S ViewTests.xctest */;
			productType = "com.apple.product-type.bundle.unit-test";
		};
		08AD7331233A6E81009A2AA2 /* S ViewUITests */ = {
			isa = PBXNativeTarget;
			buildConfigurationList = 08AD7341233A6E82009A2AA2 /* Build configuration list for PBXNativeTarget "S ViewUITests" */;
			buildPhases = (
				08AD732E233A6E81009A2AA2 /* Sources */,
				08AD732F233A6E81009A2AA2 /* Frameworks */,
				08AD7330233A6E81009A2AA2 /* Resources */,
			);
			buildRules = (
			);
			dependencies = (
				08AD7334233A6E81009A2AA2 /* PBXTargetDependency */,
			);
			name = "S ViewUITests";
			productName = "S ViewUITests";
			productReference = 08AD7332233A6E81009A2AA2 /* S ViewUITests.xctest */;
			productType = "com.apple.product-type.bundle.ui-testing";
		};
/* End PBXNativeTarget section */

/* Begin PBXProject section */
		08AD7309233A6E81009A2AA2 /* Project object */ = {
			isa = PBXProject;
			attributes = {
				LastSwiftUpdateCheck = 1100;
				LastUpgradeCheck = 1100;
				ORGANIZATIONNAME = "Emir SARI";
				TargetAttributes = {
					08AD7310233A6E81009A2AA2 = {
						CreatedOnToolsVersion = 11.0;
					};
					08AD7326233A6E81009A2AA2 = {
						CreatedOnToolsVersion = 11.0;
						TestTargetID = 08AD7310233A6E81009A2AA2;
					};
					08AD7331233A6E81009A2AA2 = {
						CreatedOnToolsVersion = 11.0;
						TestTargetID = 08AD7310233A6E81009A2AA2;
					};
				};
			};
			buildConfigurationList = 08AD730C233A6E81009A2AA2 /* Build configuration list for PBXProject "S View" */;
			compatibilityVersion = "Xcode 9.3";
			developmentRegion = en;
			hasScannedForEncodings = 0;
			knownRegions = (
				en,
				Base,
			);
			mainGroup = 08AD7308233A6E81009A2AA2;
			productRefGroup = 08AD7312233A6E81009A2AA2 /* Products */;
			projectDirPath = "";
			projectRoot = "";
			targets = (
				08AD7310233A6E81009A2AA2 /* S View */,
				08AD7326233A6E81009A2AA2 /* S ViewTests */,
				08AD7331233A6E81009A2AA2 /* S ViewUITests */,
			);
		};
/* End PBXProject section */

/* Begin PBXResourcesBuildPhase section */
		08AD730F233A6E81009A2AA2 /* Resources */ = {
			isa = PBXResourcesBuildPhase;
			buildActionMask = 2147483647;
			files = (
				08AD7354233A7491009A2AA2 /* nssl0046.jpg in Resources */,
				08AD735B233A7491009A2AA2 /* nssl0033.jpg in Resources */,
				08AD7357233A7491009A2AA2 /* nssl0051.jpg in Resources */,
				08AD7355233A7491009A2AA2 /* nssl0091.jpg in Resources */,
				08AD735A233A7491009A2AA2 /* nssl0043.jpg in Resources */,
				08AD735C233A7491009A2AA2 /* nssl0034.jpg in Resources */,
				08AD7353233A7491009A2AA2 /* nssl0049.jpg in Resources */,
				08AD7358233A7491009A2AA2 /* nssl0041.jpg in Resources */,
				08AD7359233A7491009A2AA2 /* nssl0042.jpg in Resources */,
				08AD7321233A6E81009A2AA2 /* LaunchScreen.storyboard in Resources */,
				08AD731E233A6E81009A2AA2 /* Preview Assets.xcassets in Resources */,
				08AD7356233A7491009A2AA2 /* nssl0045.jpg in Resources */,
				08AD731B233A6E81009A2AA2 /* Assets.xcassets in Resources */,
			);
			runOnlyForDeploymentPostprocessing = 0;
		};
		08AD7325233A6E81009A2AA2 /* Resources */ = {
			isa = PBXResourcesBuildPhase;
			buildActionMask = 2147483647;
			files = (
			);
			runOnlyForDeploymentPostprocessing = 0;
		};
		08AD7330233A6E81009A2AA2 /* Resources */ = {
			isa = PBXResourcesBuildPhase;
			buildActionMask = 2147483647;
			files = (
			);
			runOnlyForDeploymentPostprocessing = 0;
		};
/* End PBXResourcesBuildPhase section */

/* Begin PBXSourcesBuildPhase section */
		08AD730D233A6E81009A2AA2 /* Sources */ = {
			isa = PBXSourcesBuildPhase;
			buildActionMask = 2147483647;
			files = (
				08AD7315233A6E81009A2AA2 /* AppDelegate.swift in Sources */,
				08AD7317233A6E81009A2AA2 /* SceneDelegate.swift in Sources */,
				08AD7345233A6EA1009A2AA2 /* DataSource.swift in Sources */,
				08AD7347233A70CA009A2AA2 /* DetailView.swift in Sources */,
				08AD7319233A6E81009A2AA2 /* ContentView.swift in Sources */,
			);
			runOnlyForDeploymentPostprocessing = 0;
		};
		08AD7323233A6E81009A2AA2 /* Sources */ = {
			isa = PBXSourcesBuildPhase;
			buildActionMask = 2147483647;
			files = (
				08AD732C233A6E81009A2AA2 /* S_ViewTests.swift in Sources */,
			);
			runOnlyForDeploymentPostprocessing = 0;
		};
		08AD732E233A6E81009A2AA2 /* Sources */ = {
			isa = PBXSourcesBuildPhase;
			buildActionMask = 2147483647;
			files = (
				08AD7337233A6E82009A2AA2 /* S_ViewUITests.swift in Sources */,
			);
			runOnlyForDeploymentPostprocessing = 0;
		};
/* End PBXSourcesBuildPhase section */

/* Begin PBXTargetDependency section */
		08AD7329233A6E81009A2AA2 /* PBXTargetDependency */ = {
			isa = PBXTargetDependency;
			target = 08AD7310233A6E81009A2AA2 /* S View */;
			targetProxy = 08AD7328233A6E81009A2AA2 /* PBXContainerItemProxy */;
		};
		08AD7334233A6E81009A2AA2 /* PBXTargetDependency */ = {
			isa = PBXTargetDependency;
			target = 08AD7310233A6E81009A2AA2 /* S View */;
			targetProxy = 08AD7333233A6E81009A2AA2 /* PBXContainerItemProxy */;
		};
/* End PBXTargetDependency section */

/* Begin PBXVariantGroup section */
		08AD731F233A6E81009A2AA2 /* LaunchScreen.storyboard */ = {
			isa = PBXVariantGroup;
			children = (
				08AD7320233A6E81009A2AA2 /* Base */,
			);
			name = LaunchScreen.storyboard;
			sourceTree = "<group>";
		};
/* End PBXVariantGroup section */

/* Begin XCBuildConfiguration section */
		08AD7339233A6E82009A2AA2 /* Debug */ = {
			isa = XCBuildConfiguration;
			buildSettings = {
				ALWAYS_SEARCH_USER_PATHS = NO;
				CLANG_ANALYZER_NONNULL = YES;
				CLANG_ANALYZER_NUMBER_OBJECT_CONVERSION = YES_AGGRESSIVE;
				CLANG_CXX_LANGUAGE_STANDARD = "gnu++14";
				CLANG_CXX_LIBRARY = "libc++";
				CLANG_ENABLE_MODULES = YES;
				CLANG_ENABLE_OBJC_ARC = YES;
				CLANG_ENABLE_OBJC_WEAK = YES;
				CLANG_WARN_BLOCK_CAPTURE_AUTORELEASING = YES;
				CLANG_WARN_BOOL_CONVERSION = YES;
				CLANG_WARN_COMMA = YES;
				CLANG_WARN_CONSTANT_CONVERSION = YES;
				CLANG_WARN_DEPRECATED_OBJC_IMPLEMENTATIONS = YES;
				CLANG_WARN_DIRECT_OBJC_ISA_USAGE = YES_ERROR;
				CLANG_WARN_DOCUMENTATION_COMMENTS = YES;
				CLANG_WARN_EMPTY_BODY = YES;
				CLANG_WARN_ENUM_CONVERSION = YES;
				CLANG_WARN_INFINITE_RECURSION = YES;
				CLANG_WARN_INT_CONVERSION = YES;
				CLANG_WARN_NON_LITERAL_NULL_CONVERSION = YES;
				CLANG_WARN_OBJC_IMPLICIT_RETAIN_SELF = YES;
				CLANG_WARN_OBJC_LITERAL_CONVERSION = YES;
				CLANG_WARN_OBJC_ROOT_CLASS = YES_ERROR;
				CLANG_WARN_RANGE_LOOP_ANALYSIS = YES;
				CLANG_WARN_STRICT_PROTOTYPES = YES;
				CLANG_WARN_SUSPICIOUS_MOVE = YES;
				CLANG_WARN_UNGUARDED_AVAILABILITY = YES_AGGRESSIVE;
				CLANG_WARN_UNREACHABLE_CODE = YES;
				CLANG_WARN__DUPLICATE_METHOD_MATCH = YES;
				COPY_PHASE_STRIP = NO;
				DEBUG_INFORMATION_FORMAT = dwarf;
				ENABLE_STRICT_OBJC_MSGSEND = YES;
				ENABLE_TESTABILITY = YES;
				GCC_C_LANGUAGE_STANDARD = gnu11;
				GCC_DYNAMIC_NO_PIC = NO;
				GCC_NO_COMMON_BLOCKS = YES;
				GCC_OPTIMIZATION_LEVEL = 0;
				GCC_PREPROCESSOR_DEFINITIONS = (
					"DEBUG=1",
					"$(inherited)",
				);
				GCC_WARN_64_TO_32_BIT_CONVERSION = YES;
				GCC_WARN_ABOUT_RETURN_TYPE = YES_ERROR;
				GCC_WARN_UNDECLARED_SELECTOR = YES;
				GCC_WARN_UNINITIALIZED_AUTOS = YES_AGGRESSIVE;
				GCC_WARN_UNUSED_FUNCTION = YES;
				GCC_WARN_UNUSED_VARIABLE = YES;
				IPHONEOS_DEPLOYMENT_TARGET = 13.0;
				MTL_ENABLE_DEBUG_INFO = INCLUDE_SOURCE;
				MTL_FAST_MATH = YES;
				ONLY_ACTIVE_ARCH = YES;
				SDKROOT = iphoneos;
				SWIFT_ACTIVE_COMPILATION_CONDITIONS = DEBUG;
				SWIFT_OPTIMIZATION_LEVEL = "-Onone";
			};
			name = Debug;
		};
		08AD733A233A6E82009A2AA2 /* Release */ = {
			isa = XCBuildConfiguration;
			buildSettings = {
				ALWAYS_SEARCH_USER_PATHS = NO;
				CLANG_ANALYZER_NONNULL = YES;
				CLANG_ANALYZER_NUMBER_OBJECT_CONVERSION = YES_AGGRESSIVE;
				CLANG_CXX_LANGUAGE_STANDARD = "gnu++14";
				CLANG_CXX_LIBRARY = "libc++";
				CLANG_ENABLE_MODULES = YES;
				CLANG_ENABLE_OBJC_ARC = YES;
				CLANG_ENABLE_OBJC_WEAK = YES;
				CLANG_WARN_BLOCK_CAPTURE_AUTORELEASING = YES;
				CLANG_WARN_BOOL_CONVERSION = YES;
				CLANG_WARN_COMMA = YES;
				CLANG_WARN_CONSTANT_CONVERSION = YES;
				CLANG_WARN_DEPRECATED_OBJC_IMPLEMENTATIONS = YES;
				CLANG_WARN_DIRECT_OBJC_ISA_USAGE = YES_ERROR;
				CLANG_WARN_DOCUMENTATION_COMMENTS = YES;
				CLANG_WARN_EMPTY_BODY = YES;
				CLANG_WARN_ENUM_CONVERSION = YES;
				CLANG_WARN_INFINITE_RECURSION = YES;
				CLANG_WARN_INT_CONVERSION = YES;
				CLANG_WARN_NON_LITERAL_NULL_CONVERSION = YES;
				CLANG_WARN_OBJC_IMPLICIT_RETAIN_SELF = YES;
				CLANG_WARN_OBJC_LITERAL_CONVERSION = YES;
				CLANG_WARN_OBJC_ROOT_CLASS = YES_ERROR;
				CLANG_WARN_RANGE_LOOP_ANALYSIS = YES;
				CLANG_WARN_STRICT_PROTOTYPES = YES;
				CLANG_WARN_SUSPICIOUS_MOVE = YES;
				CLANG_WARN_UNGUARDED_AVAILABILITY = YES_AGGRESSIVE;
				CLANG_WARN_UNREACHABLE_CODE = YES;
				CLANG_WARN__DUPLICATE_METHOD_MATCH = YES;
				COPY_PHASE_STRIP = NO;
				DEBUG_INFORMATION_FORMAT = "dwarf-with-dsym";
				ENABLE_NS_ASSERTIONS = NO;
				ENABLE_STRICT_OBJC_MSGSEND = YES;
				GCC_C_LANGUAGE_STANDARD = gnu11;
				GCC_NO_COMMON_BLOCKS = YES;
				GCC_WARN_64_TO_32_BIT_CONVERSION = YES;
				GCC_WARN_ABOUT_RETURN_TYPE = YES_ERROR;
				GCC_WARN_UNDECLARED_SELECTOR = YES;
				GCC_WARN_UNINITIALIZED_AUTOS = YES_AGGRESSIVE;
				GCC_WARN_UNUSED_FUNCTION = YES;
				GCC_WARN_UNUSED_VARIABLE = YES;
				IPHONEOS_DEPLOYMENT_TARGET = 13.0;
				MTL_ENABLE_DEBUG_INFO = NO;
				MTL_FAST_MATH = YES;
				SDKROOT = iphoneos;
				SWIFT_COMPILATION_MODE = wholemodule;
				SWIFT_OPTIMIZATION_LEVEL = "-O";
				VALIDATE_PRODUCT = YES;
			};
			name = Release;
		};
		08AD733C233A6E82009A2AA2 /* Debug */ = {
			isa = XCBuildConfiguration;
			buildSettings = {
				ASSETCATALOG_COMPILER_APPICON_NAME = AppIcon;
				CODE_SIGN_STYLE = Automatic;
				DEVELOPMENT_ASSET_PATHS = "\"S View/Preview Content\"";
				DEVELOPMENT_TEAM = D4YF34WLDG;
				ENABLE_PREVIEWS = YES;
				INFOPLIST_FILE = "S View/Info.plist";
				LD_RUNPATH_SEARCH_PATHS = (
					"$(inherited)",
					"@executable_path/Frameworks",
				);
				PRODUCT_BUNDLE_IDENTIFIER = "com.bitigchi.S-View";
				PRODUCT_NAME = "$(TARGET_NAME)";
				SWIFT_VERSION = 5.0;
				TARGETED_DEVICE_FAMILY = "1,2";
			};
			name = Debug;
		};
		08AD733D233A6E82009A2AA2 /* Release */ = {
			isa = XCBuildConfiguration;
			buildSettings = {
				ASSETCATALOG_COMPILER_APPICON_NAME = AppIcon;
				CODE_SIGN_STYLE = Automatic;
				DEVELOPMENT_ASSET_PATHS = "\"S View/Preview Content\"";
				DEVELOPMENT_TEAM = D4YF34WLDG;
				ENABLE_PREVIEWS = YES;
				INFOPLIST_FILE = "S View/Info.plist";
				LD_RUNPATH_SEARCH_PATHS = (
					"$(inherited)",
					"@executable_path/Frameworks",
				);
				PRODUCT_BUNDLE_IDENTIFIER = "com.bitigchi.S-View";
				PRODUCT_NAME = "$(TARGET_NAME)";
				SWIFT_VERSION = 5.0;
				TARGETED_DEVICE_FAMILY = "1,2";
			};
			name = Release;
		};
		08AD733F233A6E82009A2AA2 /* Debug */ = {
			isa = XCBuildConfiguration;
			buildSettings = {
				ALWAYS_EMBED_SWIFT_STANDARD_LIBRARIES = YES;
				BUNDLE_LOADER = "$(TEST_HOST)";
				CODE_SIGN_STYLE = Automatic;
				DEVELOPMENT_TEAM = D4YF34WLDG;
				INFOPLIST_FILE = "S ViewTests/Info.plist";
				IPHONEOS_DEPLOYMENT_TARGET = 13.0;
				LD_RUNPATH_SEARCH_PATHS = (
					"$(inherited)",
					"@executable_path/Frameworks",
					"@loader_path/Frameworks",
				);
				PRODUCT_BUNDLE_IDENTIFIER = "com.bitigchi.S-ViewTests";
				PRODUCT_NAME = "$(TARGET_NAME)";
				SWIFT_VERSION = 5.0;
				TARGETED_DEVICE_FAMILY = "1,2";
				TEST_HOST = "$(BUILT_PRODUCTS_DIR)/S View.app/S View";
			};
			name = Debug;
		};
		08AD7340233A6E82009A2AA2 /* Release */ = {
			isa = XCBuildConfiguration;
			buildSettings = {
				ALWAYS_EMBED_SWIFT_STANDARD_LIBRARIES = YES;
				BUNDLE_LOADER = "$(TEST_HOST)";
				CODE_SIGN_STYLE = Automatic;
				DEVELOPMENT_TEAM = D4YF34WLDG;
				INFOPLIST_FILE = "S ViewTests/Info.plist";
				IPHONEOS_DEPLOYMENT_TARGET = 13.0;
				LD_RUNPATH_SEARCH_PATHS = (
					"$(inherited)",
					"@executable_path/Frameworks",
					"@loader_path/Frameworks",
				);
				PRODUCT_BUNDLE_IDENTIFIER = "com.bitigchi.S-ViewTests";
				PRODUCT_NAME = "$(TARGET_NAME)";
				SWIFT_VERSION = 5.0;
				TARGETED_DEVICE_FAMILY = "1,2";
				TEST_HOST = "$(BUILT_PRODUCTS_DIR)/S View.app/S View";
			};
			name = Release;
		};
		08AD7342233A6E82009A2AA2 /* Debug */ = {
			isa = XCBuildConfiguration;
			buildSettings = {
				ALWAYS_EMBED_SWIFT_STANDARD_LIBRARIES = YES;
				CODE_SIGN_STYLE = Automatic;
				DEVELOPMENT_TEAM = D4YF34WLDG;
				INFOPLIST_FILE = "S ViewUITests/Info.plist";
				LD_RUNPATH_SEARCH_PATHS = (
					"$(inherited)",
					"@executable_path/Frameworks",
					"@loader_path/Frameworks",
				);
				PRODUCT_BUNDLE_IDENTIFIER = "com.bitigchi.S-ViewUITests";
				PRODUCT_NAME = "$(TARGET_NAME)";
				SWIFT_VERSION = 5.0;
				TARGETED_DEVICE_FAMILY = "1,2";
				TEST_TARGET_NAME = "S View";
			};
			name = Debug;
		};
		08AD7343233A6E82009A2AA2 /* Release */ = {
			isa = XCBuildConfiguration;
			buildSettings = {
				ALWAYS_EMBED_SWIFT_STANDARD_LIBRARIES = YES;
				CODE_SIGN_STYLE = Automatic;
				DEVELOPMENT_TEAM = D4YF34WLDG;
				INFOPLIST_FILE = "S ViewUITests/Info.plist";
				LD_RUNPATH_SEARCH_PATHS = (
					"$(inherited)",
					"@executable_path/Frameworks",
					"@loader_path/Frameworks",
				);
				PRODUCT_BUNDLE_IDENTIFIER = "com.bitigchi.S-ViewUITests";
				PRODUCT_NAME = "$(TARGET_NAME)";
				SWIFT_VERSION = 5.0;
				TARGETED_DEVICE_FAMILY = "1,2";
				TEST_TARGET_NAME = "S View";
			};
			name = Release;
		};
/* End XCBuildConfiguration section */

/* Begin XCConfigurationList section */
		08AD730C233A6E81009A2AA2 /* Build configuration list for PBXProject "S View" */ = {
			isa = XCConfigurationList;
			buildConfigurations = (
				08AD7339233A6E82009A2AA2 /* Debug */,
				08AD733A233A6E82009A2AA2 /* Release */,
			);
			defaultConfigurationIsVisible = 0;
			defaultConfigurationName = Release;
		};
		08AD733B233A6E82009A2AA2 /* Build configuration list for PBXNativeTarget "S View" */ = {
			isa = XCConfigurationList;
			buildConfigurations = (
				08AD733C233A6E82009A2AA2 /* Debug */,
				08AD733D233A6E82009A2AA2 /* Release */,
			);
			defaultConfigurationIsVisible = 0;
			defaultConfigurationName = Release;
		};
		08AD733E233A6E82009A2AA2 /* Build configuration list for PBXNativeTarget "S ViewTests" */ = {
			isa = XCConfigurationList;
			buildConfigurations = (
				08AD733F233A6E82009A2AA2 /* Debug */,
				08AD7340233A6E82009A2AA2 /* Release */,
			);
			defaultConfigurationIsVisible = 0;
			defaultConfigurationName = Release;
		};
		08AD7341233A6E82009A2AA2 /* Build configuration list for PBXNativeTarget "S ViewUITests" */ = {
			isa = XCConfigurationList;
			buildConfigurations = (
				08AD7342233A6E82009A2AA2 /* Debug */,
				08AD7343233A6E82009A2AA2 /* Release */,
			);
			defaultConfigurationIsVisible = 0;
			defaultConfigurationName = Release;
		};
/* End XCConfigurationList section */
	};
	rootObject = 08AD7309233A6E81009A2AA2 /* Project object */;
}
